
Microsoft Visual Studio Solution File, Format Version 12.00
# Visual Studio Version 16
VisualStudioVersion = 16.0.30804.86
MinimumVisualStudioVersion = 10.0.40219.1
Project("{FAE04EC0-301F-11D3-BF4B-00C04F79EFBC}") = "UmaMusumeDBBrowser", "UmaMusumeDBBrowser\UmaMusumeDBBrowser.csproj", "{C762CA09-91E8-4AFF-AEB8-CFD216263D8B}"
EndProject
Project("{2150E333-8FDC-42A3-9474-1A3956D46DE8}") = "Solution Items", "Solution Items", "{0804EC2B-371D-4D4A-B715-BB10FE1F7997}"
	ProjectSection(SolutionItems) = preProject
		readme.md = readme.md
	EndProjectSection
EndProject
Global
	GlobalSection(SolutionConfigurationPlatforms) = preSolution
		Debug|Any CPU = Debug|Any CPU
		Debug|x64 = Debug|x64
		Release|Any CPU = Release|Any CPU
		Release|x64 = Release|x64
	EndGlobalSection
	GlobalSection(ProjectConfigurationPlatforms) = postSolution
		{C762CA09-91E8-4AFF-AEB8-CFD216263D8B}.Debug|Any CPU.ActiveCfg = Debug|Any CPU
		{C762CA09-91E8-4AFF-AEB8-CFD216263D8B}.Debug|Any CPU.Build.0 = Debug|Any CPU
		{C762CA09-91E8-4AFF-AEB8-CFD216263D8B}.Debug|x64.ActiveCfg = Debug|x64
		{C762CA09-91E8-4AFF-AEB8-CFD216263D8B}.Debug|x64.Build.0 = Debug|x64
		{C762CA09-91E8-4AFF-AEB8-CFD216263D8B}.Release|Any CPU.ActiveCfg = Release|Any CPU
		{C762CA09-91E8-4AFF-AEB8-CFD216263D8B}.Release|Any CPU.Build.0 = Release|Any CPU
		{C762CA09-91E8-4AFF-AEB8-CFD216263D8B}.Release|x64.ActiveCfg = Release|x64
		{C762CA09-91E8-4AFF-AEB8-CFD216263D8B}.Release|x64.Build.0 = Release|x64
	EndGlobalSection
	GlobalSection(SolutionProperties) = preSolution
		HideSolutionNode = FALSE
	EndGlobalSection
	GlobalSection(ExtensibilityGlobals) = postSolution
		SolutionGuid = {820B08E8-F39C-4171-A18A-41CB396EB59C}
	EndGlobalSection
EndGlobal
